
Microsoft Visual Studio Solution File, Format Version 12.00
# Visual Studio Version 16
VisualStudioVersion = 16.0.30114.105
MinimumVisualStudioVersion = 10.0.40219.1
Project("{FAE04EC0-301F-11D3-BF4B-00C04F79EFBC}") = "SampleProduct.Library1", "src\SampleProduct.Library1\SampleProduct.Library1.csproj", "{63B9C4AD-D309-45CD-A4ED-F300E7BA449D}"
EndProject
Project("{FAE04EC0-301F-11D3-BF4B-00C04F79EFBC}") = "SampleProduct.Library1.UnitTests", "test\SampleProduct.Library1.UnitTests\SampleProduct.Library1.UnitTests.csproj", "{32BED14A-DEC7-4D13-A42A-39FD65E1F3D9}"
EndProject
Global
	GlobalSection(SolutionConfigurationPlatforms) = preSolution
		Debug|Any CPU = Debug|Any CPU
		Release|Any CPU = Release|Any CPU
	EndGlobalSection
	GlobalSection(ProjectConfigurationPlatforms) = postSolution
		{63B9C4AD-D309-45CD-A4ED-F300E7BA449D}.Debug|Any CPU.ActiveCfg = Debug|Any CPU
		{63B9C4AD-D309-45CD-A4ED-F300E7BA449D}.Debug|Any CPU.Build.0 = Debug|Any CPU
		{63B9C4AD-D309-45CD-A4ED-F300E7BA449D}.Release|Any CPU.ActiveCfg = Release|Any CPU
		{63B9C4AD-D309-45CD-A4ED-F300E7BA449D}.Release|Any CPU.Build.0 = Release|Any CPU
		{32BED14A-DEC7-4D13-A42A-39FD65E1F3D9}.Debug|Any CPU.ActiveCfg = Debug|Any CPU
		{32BED14A-DEC7-4D13-A42A-39FD65E1F3D9}.Debug|Any CPU.Build.0 = Debug|Any CPU
		{32BED14A-DEC7-4D13-A42A-39FD65E1F3D9}.Release|Any CPU.ActiveCfg = Release|Any CPU
		{32BED14A-DEC7-4D13-A42A-39FD65E1F3D9}.Release|Any CPU.Build.0 = Release|Any CPU
	EndGlobalSection
	GlobalSection(SolutionProperties) = preSolution
		HideSolutionNode = FALSE
	EndGlobalSection
	GlobalSection(ExtensibilityGlobals) = postSolution
		SolutionGuid = {87BD0039-9E7C-4328-B5DB-45D57ECC30BA}
	EndGlobalSection
EndGlobal
